
Microsoft Visual Studio Solution File, Format Version 12.00
# Visual Studio Version 16
VisualStudioVersion = 16.0.30114.105
MinimumVisualStudioVersion = 10.0.40219.1
Project("{9A19103F-16F7-4668-BE54-9A1E7A4F7556}") = "Calculater.ImageUpload", "Calculater.ImageUpload\Calculater.ImageUpload.csproj", "{20B1EA90-D38A-4554-86BC-3EDEE23CA940}"
EndProject
Project("{FAE04EC0-301F-11D3-BF4B-00C04F79EFBC}") = "Calculater.Models", "Calculater.Models\Calculater.Models.csproj", "{6E180365-96A7-462D-889E-0E1626E9ED04}"
EndProject
Global
	GlobalSection(SolutionConfigurationPlatforms) = preSolution
		Debug|Any CPU = Debug|Any CPU
		Release|Any CPU = Release|Any CPU
	EndGlobalSection
	GlobalSection(ProjectConfigurationPlatforms) = postSolution
		{20B1EA90-D38A-4554-86BC-3EDEE23CA940}.Debug|Any CPU.ActiveCfg = Debug|Any CPU
		{20B1EA90-D38A-4554-86BC-3EDEE23CA940}.Debug|Any CPU.Build.0 = Debug|Any CPU
		{20B1EA90-D38A-4554-86BC-3EDEE23CA940}.Release|Any CPU.ActiveCfg = Release|Any CPU
		{20B1EA90-D38A-4554-86BC-3EDEE23CA940}.Release|Any CPU.Build.0 = Release|Any CPU
		{6E180365-96A7-462D-889E-0E1626E9ED04}.Debug|Any CPU.ActiveCfg = Debug|Any CPU
		{6E180365-96A7-462D-889E-0E1626E9ED04}.Debug|Any CPU.Build.0 = Debug|Any CPU
		{6E180365-96A7-462D-889E-0E1626E9ED04}.Release|Any CPU.ActiveCfg = Release|Any CPU
		{6E180365-96A7-462D-889E-0E1626E9ED04}.Release|Any CPU.Build.0 = Release|Any CPU
	EndGlobalSection
	GlobalSection(SolutionProperties) = preSolution
		HideSolutionNode = FALSE
	EndGlobalSection
	GlobalSection(ExtensibilityGlobals) = postSolution
		SolutionGuid = {933354BE-DE7C-4232-A128-CB70E51E1ADF}
	EndGlobalSection
EndGlobal
